
Microsoft Visual Studio Solution File, Format Version 12.00
# Visual Studio 15
VisualStudioVersion = 15.0.28307.168
MinimumVisualStudioVersion = 10.0.40219.1
Project("{F2A71F9B-5D33-465A-A702-920D77279786}") = "BackgroundLogger", "BackgroundLogger\BackgroundLogger.fsproj", "{DF31DBF6-0382-498C-9B28-C4B5CBA2AE70}"
EndProject
Project("{F2A71F9B-5D33-465A-A702-920D77279786}") = "BackgroundLogger.Tester", "BackgroundLogger.Tester\BackgroundLogger.Tester.fsproj", "{8D224349-B679-4B57-919C-75A35AF30565}"
EndProject
Global
	GlobalSection(SolutionConfigurationPlatforms) = preSolution
		Debug|Any CPU = Debug|Any CPU
		Release|Any CPU = Release|Any CPU
	EndGlobalSection
	GlobalSection(ProjectConfigurationPlatforms) = postSolution
		{DF31DBF6-0382-498C-9B28-C4B5CBA2AE70}.Debug|Any CPU.ActiveCfg = Debug|Any CPU
		{DF31DBF6-0382-498C-9B28-C4B5CBA2AE70}.Debug|Any CPU.Build.0 = Debug|Any CPU
		{DF31DBF6-0382-498C-9B28-C4B5CBA2AE70}.Release|Any CPU.ActiveCfg = Release|Any CPU
		{DF31DBF6-0382-498C-9B28-C4B5CBA2AE70}.Release|Any CPU.Build.0 = Release|Any CPU
		{8D224349-B679-4B57-919C-75A35AF30565}.Debug|Any CPU.ActiveCfg = Debug|Any CPU
		{8D224349-B679-4B57-919C-75A35AF30565}.Debug|Any CPU.Build.0 = Debug|Any CPU
		{8D224349-B679-4B57-919C-75A35AF30565}.Release|Any CPU.ActiveCfg = Release|Any CPU
		{8D224349-B679-4B57-919C-75A35AF30565}.Release|Any CPU.Build.0 = Release|Any CPU
	EndGlobalSection
	GlobalSection(SolutionProperties) = preSolution
		HideSolutionNode = FALSE
	EndGlobalSection
	GlobalSection(ExtensibilityGlobals) = postSolution
		SolutionGuid = {1899D4E2-CB25-40D5-A629-470032AF34E7}
	EndGlobalSection
EndGlobal
